
Microsoft Visual Studio Solution File, Format Version 12.00
# Visual Studio Version 17
VisualStudioVersion = 17.3.32811.315
MinimumVisualStudioVersion = 10.0.40219.1
Project("{9A19103F-16F7-4668-BE54-9A1E7A4F7556}") = "SortBench", "SortBench\SortBench.csproj", "{CEC15A59-5265-42BA-9D14-8B2D33A47F55}"
EndProject
Project("{2150E333-8FDC-42A3-9474-1A3956D46DE8}") = "Solution Items", "Solution Items", "{1C45DFFC-2FDC-4F98-8995-C787B90C3A34}"
	ProjectSection(SolutionItems) = preProject
		README.md = README.md
	EndProjectSection
EndProject
Project("{2150E333-8FDC-42A3-9474-1A3956D46DE8}") = ".github", ".github", "{66A4D76E-A24C-4102-B5C8-9AF09D18052A}"
EndProject
Project("{2150E333-8FDC-42A3-9474-1A3956D46DE8}") = "workflows", "workflows", "{FF3B4679-FE00-4886-9CC6-499FE0AC6C69}"
	ProjectSection(SolutionItems) = preProject
		.github\workflows\run.yml = .github\workflows\run.yml
	EndProjectSection
EndProject
Project("{FAE04EC0-301F-11D3-BF4B-00C04F79EFBC}") = "SortBench.Core", "SortBench.Core\SortBench.Core.csproj", "{7D0129CC-F22F-49D8-A0C5-7E2FD4E598F5}"
EndProject
Project("{FAE04EC0-301F-11D3-BF4B-00C04F79EFBC}") = "SortBench.Wpf", "SortBench.Wpf\SortBench.Wpf.csproj", "{0E72735B-AB8B-42FE-A5A8-36018FA86F9D}"
EndProject
Global
	GlobalSection(SolutionConfigurationPlatforms) = preSolution
		Debug|Any CPU = Debug|Any CPU
		Release|Any CPU = Release|Any CPU
	EndGlobalSection
	GlobalSection(ProjectConfigurationPlatforms) = postSolution
		{CEC15A59-5265-42BA-9D14-8B2D33A47F55}.Debug|Any CPU.ActiveCfg = Debug|Any CPU
		{CEC15A59-5265-42BA-9D14-8B2D33A47F55}.Debug|Any CPU.Build.0 = Debug|Any CPU
		{CEC15A59-5265-42BA-9D14-8B2D33A47F55}.Release|Any CPU.ActiveCfg = Release|Any CPU
		{CEC15A59-5265-42BA-9D14-8B2D33A47F55}.Release|Any CPU.Build.0 = Release|Any CPU
		{7D0129CC-F22F-49D8-A0C5-7E2FD4E598F5}.Debug|Any CPU.ActiveCfg = Debug|Any CPU
		{7D0129CC-F22F-49D8-A0C5-7E2FD4E598F5}.Debug|Any CPU.Build.0 = Debug|Any CPU
		{7D0129CC-F22F-49D8-A0C5-7E2FD4E598F5}.Release|Any CPU.ActiveCfg = Release|Any CPU
		{7D0129CC-F22F-49D8-A0C5-7E2FD4E598F5}.Release|Any CPU.Build.0 = Release|Any CPU
		{0E72735B-AB8B-42FE-A5A8-36018FA86F9D}.Debug|Any CPU.ActiveCfg = Debug|Any CPU
		{0E72735B-AB8B-42FE-A5A8-36018FA86F9D}.Debug|Any CPU.Build.0 = Debug|Any CPU
		{0E72735B-AB8B-42FE-A5A8-36018FA86F9D}.Release|Any CPU.ActiveCfg = Release|Any CPU
		{0E72735B-AB8B-42FE-A5A8-36018FA86F9D}.Release|Any CPU.Build.0 = Release|Any CPU
	EndGlobalSection
	GlobalSection(SolutionProperties) = preSolution
		HideSolutionNode = FALSE
	EndGlobalSection
	GlobalSection(NestedProjects) = preSolution
		{66A4D76E-A24C-4102-B5C8-9AF09D18052A} = {1C45DFFC-2FDC-4F98-8995-C787B90C3A34}
		{FF3B4679-FE00-4886-9CC6-499FE0AC6C69} = {66A4D76E-A24C-4102-B5C8-9AF09D18052A}
	EndGlobalSection
	GlobalSection(ExtensibilityGlobals) = postSolution
		SolutionGuid = {12AB8F39-E1F5-4861-8A1C-CAD1A4367CD0}
	EndGlobalSection
EndGlobal
